Microsoft Visual Studio Solution File, Format Version 12.00
# Visual Studio 15
VisualStudioVersion = 15.0.26228.9
MinimumVisualStudioVersion = 10.0.40219.1
Project("{2150E333-8FDC-42A3-9474-1A3956D46DE8}") = "Lib", "Lib", "{3D9A03F1-9678-416D-A6FB-43821AD5C6BC}"
EndProject
Project("{FAE04EC0-301F-11D3-BF4B-00C04F79EFBC}") = "Gbd.IO.Serial", "Libs\Gbd.IO.Serial\Gbd.IO.Serial.csproj", "{64AA7D7E-9AAE-4EED-9270-66DFB023D70B}"
EndProject
Project("{FAE04EC0-301F-11D3-BF4B-00C04F79EFBC}") = "Gbd.IO.Serial.Win32", "Libs\Gbd.IO.Serial.Win32\Gbd.IO.Serial.Win32.csproj", "{4C89C943-F86E-4331-9671-8CFE83BFEB81}"
EndProject
Project("{FAE04EC0-301F-11D3-BF4B-00C04F79EFBC}") = "Gbd.IO.Serial.LinuxMono", "Libs\Gbd.IO.Serial.LinuxMono\Gbd.IO.Serial.LinuxMono.csproj", "{740B9624-E493-43AF-AF4F-A8C022CC6F1E}"
EndProject
Project("{FAE04EC0-301F-11D3-BF4B-00C04F79EFBC}") = "Gbd.IO.Serial.Reactive", "Libs\Gbd.IO.Serial.Reactive\Gbd.IO.Serial.Reactive.csproj", "{895ED5C3-8313-47CD-B2E3-BC12E723BED9}"
EndProject
Project("{2150E333-8FDC-42A3-9474-1A3956D46DE8}") = "Examples", "Examples", "{ABC2658B-C2F8-427D-889E-2667DBA2B450}"
EndProject
Project("{2150E333-8FDC-42A3-9474-1A3956D46DE8}") = "Tests", "Tests", "{B6385288-B29D-48D4-BFCF-FDC432D52A36}"
EndProject
Project("{FAE04EC0-301F-11D3-BF4B-00C04F79EFBC}") = "ExampleCoreApp1", "Examples\ExampleCoreApp1\ExampleCoreApp1.csproj", "{E25A5280-BC91-4F8C-9691-31EB328A5106}"
EndProject
Project("{FAE04EC0-301F-11D3-BF4B-00C04F79EFBC}") = "Gbd.IO.Serial.LinuxMono.Tests", "Tests\Gbd.IO.Serial.LinuxMono.Tests\Gbd.IO.Serial.LinuxMono.Tests.csproj", "{ECF27220-BD2B-4B46-AA44-2644AE244AE1}"
EndProject
Project("{9A19103F-16F7-4668-BE54-9A1E7A4F7556}") = "Gbd.IO.Serial.Win32.Tests", "Tests\Gbd.IO.Serial.Win32.Tests\Gbd.IO.Serial.Win32.Tests.csproj", "{B2707AEE-A292-4826-8158-AB11C95F3389}"
EndProject
Global
	GlobalSection(SolutionConfigurationPlatforms) = preSolution
		Debug|Any CPU = Debug|Any CPU
		Release|Any CPU = Release|Any CPU
	EndGlobalSection
	GlobalSection(ProjectConfigurationPlatforms) = postSolution
		{64AA7D7E-9AAE-4EED-9270-66DFB023D70B}.Debug|Any CPU.ActiveCfg = Debug|Any CPU
		{64AA7D7E-9AAE-4EED-9270-66DFB023D70B}.Debug|Any CPU.Build.0 = Debug|Any CPU
		{64AA7D7E-9AAE-4EED-9270-66DFB023D70B}.Release|Any CPU.ActiveCfg = Release|Any CPU
		{64AA7D7E-9AAE-4EED-9270-66DFB023D70B}.Release|Any CPU.Build.0 = Release|Any CPU
		{4C89C943-F86E-4331-9671-8CFE83BFEB81}.Debug|Any CPU.ActiveCfg = Debug|Any CPU
		{4C89C943-F86E-4331-9671-8CFE83BFEB81}.Debug|Any CPU.Build.0 = Debug|Any CPU
		{4C89C943-F86E-4331-9671-8CFE83BFEB81}.Release|Any CPU.ActiveCfg = Release|Any CPU
		{4C89C943-F86E-4331-9671-8CFE83BFEB81}.Release|Any CPU.Build.0 = Release|Any CPU
		{740B9624-E493-43AF-AF4F-A8C022CC6F1E}.Debug|Any CPU.ActiveCfg = Debug|Any CPU
		{740B9624-E493-43AF-AF4F-A8C022CC6F1E}.Debug|Any CPU.Build.0 = Debug|Any CPU
		{740B9624-E493-43AF-AF4F-A8C022CC6F1E}.Release|Any CPU.ActiveCfg = Release|Any CPU
		{740B9624-E493-43AF-AF4F-A8C022CC6F1E}.Release|Any CPU.Build.0 = Release|Any CPU
		{895ED5C3-8313-47CD-B2E3-BC12E723BED9}.Debug|Any CPU.ActiveCfg = Debug|Any CPU
		{895ED5C3-8313-47CD-B2E3-BC12E723BED9}.Debug|Any CPU.Build.0 = Debug|Any CPU
		{895ED5C3-8313-47CD-B2E3-BC12E723BED9}.Release|Any CPU.ActiveCfg = Release|Any CPU
		{895ED5C3-8313-47CD-B2E3-BC12E723BED9}.Release|Any CPU.Build.0 = Release|Any CPU
		{E25A5280-BC91-4F8C-9691-31EB328A5106}.Debug|Any CPU.ActiveCfg = Debug|Any CPU
		{E25A5280-BC91-4F8C-9691-31EB328A5106}.Debug|Any CPU.Build.0 = Debug|Any CPU
		{E25A5280-BC91-4F8C-9691-31EB328A5106}.Release|Any CPU.ActiveCfg = Release|Any CPU
		{E25A5280-BC91-4F8C-9691-31EB328A5106}.Release|Any CPU.Build.0 = Release|Any CPU
		{ECF27220-BD2B-4B46-AA44-2644AE244AE1}.Debug|Any CPU.ActiveCfg = Debug|Any CPU
		{ECF27220-BD2B-4B46-AA44-2644AE244AE1}.Debug|Any CPU.Build.0 = Debug|Any CPU
		{ECF27220-BD2B-4B46-AA44-2644AE244AE1}.Release|Any CPU.ActiveCfg = Release|Any CPU
		{ECF27220-BD2B-4B46-AA44-2644AE244AE1}.Release|Any CPU.Build.0 = Release|Any CPU
		{B2707AEE-A292-4826-8158-AB11C95F3389}.Debug|Any CPU.ActiveCfg = Debug|Any CPU
		{B2707AEE-A292-4826-8158-AB11C95F3389}.Debug|Any CPU.Build.0 = Debug|Any CPU
		{B2707AEE-A292-4826-8158-AB11C95F3389}.Release|Any CPU.ActiveCfg = Release|Any CPU
		{B2707AEE-A292-4826-8158-AB11C95F3389}.Release|Any CPU.Build.0 = Release|Any CPU
	EndGlobalSection
	GlobalSection(SolutionProperties) = preSolution
		HideSolutionNode = FALSE
	EndGlobalSection
	GlobalSection(NestedProjects) = preSolution
		{64AA7D7E-9AAE-4EED-9270-66DFB023D70B} = {3D9A03F1-9678-416D-A6FB-43821AD5C6BC}
		{4C89C943-F86E-4331-9671-8CFE83BFEB81} = {3D9A03F1-9678-416D-A6FB-43821AD5C6BC}
		{740B9624-E493-43AF-AF4F-A8C022CC6F1E} = {3D9A03F1-9678-416D-A6FB-43821AD5C6BC}
		{895ED5C3-8313-47CD-B2E3-BC12E723BED9} = {3D9A03F1-9678-416D-A6FB-43821AD5C6BC}
		{E25A5280-BC91-4F8C-9691-31EB328A5106} = {ABC2658B-C2F8-427D-889E-2667DBA2B450}
		{ECF27220-BD2B-4B46-AA44-2644AE244AE1} = {B6385288-B29D-48D4-BFCF-FDC432D52A36}
		{B2707AEE-A292-4826-8158-AB11C95F3389} = {B6385288-B29D-48D4-BFCF-FDC432D52A36}
	EndGlobalSection
EndGlobal
