
Microsoft Visual Studio Solution File, Format Version 12.00
# Visual Studio 14
VisualStudioVersion = 14.0.25420.1
MinimumVisualStudioVersion = 10.0.40219.1
Project("{2150E333-8FDC-42A3-9474-1A3956D46DE8}") = "Lib", "Lib", "{3D9A03F1-9678-416D-A6FB-43821AD5C6BC}"
EndProject
Project("{2150E333-8FDC-42A3-9474-1A3956D46DE8}") = "Reactive", "Reactive", "{CCAC677B-E763-427A-86B7-11266D1A478F}"
EndProject
Project("{8BB2217D-0F2D-49D1-97BC-3654ED321F3B}") = "Gbd.Reactive", "..\..\Gbd.Reactive\Source\Libs\Gbd.Reactive\Gbd.Reactive.xproj", "{0B0F7D2D-E900-4AB6-8E26-63D1327BB815}"
EndProject
Project("{8BB2217D-0F2D-49D1-97BC-3654ED321F3B}") = "Gbd.Reactive.SubProcess", "..\..\Gbd.Reactive\Source\Libs\Gbd.Reactive.SubProcess\Gbd.Reactive.SubProcess.xproj", "{E32C89E6-C4F1-4B21-A4EF-88BA75950188}"
EndProject
Project("{8BB2217D-0F2D-49D1-97BC-3654ED321F3B}") = "Gbd.IO.Serial", "Libs\Gbd.IO.Serial\Gbd.IO.Serial.xproj", "{64AA7D7E-9AAE-4EED-9270-66DFB023D70B}"
EndProject
Project("{8BB2217D-0F2D-49D1-97BC-3654ED321F3B}") = "Gbd.IO.Serial.Win32", "Libs\Gbd.IO.Serial.Win32\Gbd.IO.Serial.Win32.xproj", "{4C89C943-F86E-4331-9671-8CFE83BFEB81}"
EndProject
Project("{8BB2217D-0F2D-49D1-97BC-3654ED321F3B}") = "Gbd.IO.Serial.LinuxMono", "Libs\Gbd.IO.Serial.LinuxMono\Gbd.IO.Serial.LinuxMono.xproj", "{740B9624-E493-43AF-AF4F-A8C022CC6F1E}"
EndProject
Project("{8BB2217D-0F2D-49D1-97BC-3654ED321F3B}") = "Gbd.IO.Serial.Reactive", "Libs\Gbd.IO.Serial.Reactive\Gbd.IO.Serial.Reactive.xproj", "{895ED5C3-8313-47CD-B2E3-BC12E723BED9}"
EndProject
Project("{2150E333-8FDC-42A3-9474-1A3956D46DE8}") = "Examples", "Examples", "{ABC2658B-C2F8-427D-889E-2667DBA2B450}"
EndProject
Project("{2150E333-8FDC-42A3-9474-1A3956D46DE8}") = "Tests", "Tests", "{B6385288-B29D-48D4-BFCF-FDC432D52A36}"
EndProject
Project("{2150E333-8FDC-42A3-9474-1A3956D46DE8}") = "Lib", "Lib", "{FEF3BAC3-6414-4155-B426-FAD2E466A203}"
EndProject
Project("{2150E333-8FDC-42A3-9474-1A3956D46DE8}") = "Tests", "Tests", "{ABE83D9F-5A3D-472C-8E71-BC34477D98B9}"
EndProject
Project("{8BB2217D-0F2D-49D1-97BC-3654ED321F3B}") = "Gbd.IO.Serial.Win32.Tests", "Tests\Gbd.IO.Serial.Win32.Tests\Gbd.IO.Serial.Win32.Tests.xproj", "{280DC639-5DDC-4036-877B-4925BDF51A47}"
EndProject
Project("{8BB2217D-0F2D-49D1-97BC-3654ED321F3B}") = "Gbd.Reactive.Tests", "..\..\Gbd.Reactive\Source\Tests\Gbd.Reactive.Tests\Gbd.Reactive.Tests.xproj", "{BE69461C-4318-4683-B48D-881660978C99}"
EndProject
Project("{8BB2217D-0F2D-49D1-97BC-3654ED321F3B}") = "Gbd.IO.Serial.LinuxMono.Tests", "Tests\Gbd.IO.Serial.LinuxMono.Tests\Gbd.IO.Serial.LinuxMono.Tests.xproj", "{2CA7F5DF-F1EE-45A3-8440-57DFB518673A}"
EndProject
Project("{2150E333-8FDC-42A3-9474-1A3956D46DE8}") = "Solution Items", "Solution Items", "{78ED07AC-8ECC-49D7-86CE-52B198C8D5AA}"
	ProjectSection(SolutionItems) = preProject
		global.json = global.json
	EndProjectSection
EndProject
Project("{FAE04EC0-301F-11D3-BF4B-00C04F79EFBC}") = "Test1", "Tests\Test1\Test1.csproj", "{DBA9FE97-D49F-42ED-8C5D-DABAB358B9D8}"
EndProject
Project("{8BB2217D-0F2D-49D1-97BC-3654ED321F3B}") = "ExampleCoreApp1", "Examples\ExampleCoreApp1\ExampleCoreApp1.xproj", "{E25A5280-BC91-4F8C-9691-31EB328A5106}"
EndProject
Global
	GlobalSection(SolutionConfigurationPlatforms) = preSolution
		Debug|Any CPU = Debug|Any CPU
		Release|Any CPU = Release|Any CPU
	EndGlobalSection
	GlobalSection(ProjectConfigurationPlatforms) = postSolution
		{0B0F7D2D-E900-4AB6-8E26-63D1327BB815}.Debug|Any CPU.ActiveCfg = Debug|Any CPU
		{0B0F7D2D-E900-4AB6-8E26-63D1327BB815}.Debug|Any CPU.Build.0 = Debug|Any CPU
		{0B0F7D2D-E900-4AB6-8E26-63D1327BB815}.Release|Any CPU.ActiveCfg = Release|Any CPU
		{0B0F7D2D-E900-4AB6-8E26-63D1327BB815}.Release|Any CPU.Build.0 = Release|Any CPU
		{E32C89E6-C4F1-4B21-A4EF-88BA75950188}.Debug|Any CPU.ActiveCfg = Debug|Any CPU
		{E32C89E6-C4F1-4B21-A4EF-88BA75950188}.Debug|Any CPU.Build.0 = Debug|Any CPU
		{E32C89E6-C4F1-4B21-A4EF-88BA75950188}.Release|Any CPU.ActiveCfg = Release|Any CPU
		{E32C89E6-C4F1-4B21-A4EF-88BA75950188}.Release|Any CPU.Build.0 = Release|Any CPU
		{64AA7D7E-9AAE-4EED-9270-66DFB023D70B}.Debug|Any CPU.ActiveCfg = Debug|Any CPU
		{64AA7D7E-9AAE-4EED-9270-66DFB023D70B}.Debug|Any CPU.Build.0 = Debug|Any CPU
		{64AA7D7E-9AAE-4EED-9270-66DFB023D70B}.Release|Any CPU.ActiveCfg = Release|Any CPU
		{64AA7D7E-9AAE-4EED-9270-66DFB023D70B}.Release|Any CPU.Build.0 = Release|Any CPU
		{4C89C943-F86E-4331-9671-8CFE83BFEB81}.Debug|Any CPU.ActiveCfg = Debug|Any CPU
		{4C89C943-F86E-4331-9671-8CFE83BFEB81}.Debug|Any CPU.Build.0 = Debug|Any CPU
		{4C89C943-F86E-4331-9671-8CFE83BFEB81}.Release|Any CPU.ActiveCfg = Release|Any CPU
		{4C89C943-F86E-4331-9671-8CFE83BFEB81}.Release|Any CPU.Build.0 = Release|Any CPU
		{740B9624-E493-43AF-AF4F-A8C022CC6F1E}.Debug|Any CPU.ActiveCfg = Debug|Any CPU
		{740B9624-E493-43AF-AF4F-A8C022CC6F1E}.Debug|Any CPU.Build.0 = Debug|Any CPU
		{740B9624-E493-43AF-AF4F-A8C022CC6F1E}.Release|Any CPU.ActiveCfg = Release|Any CPU
		{740B9624-E493-43AF-AF4F-A8C022CC6F1E}.Release|Any CPU.Build.0 = Release|Any CPU
		{895ED5C3-8313-47CD-B2E3-BC12E723BED9}.Debug|Any CPU.ActiveCfg = Debug|Any CPU
		{895ED5C3-8313-47CD-B2E3-BC12E723BED9}.Debug|Any CPU.Build.0 = Debug|Any CPU
		{895ED5C3-8313-47CD-B2E3-BC12E723BED9}.Release|Any CPU.ActiveCfg = Release|Any CPU
		{895ED5C3-8313-47CD-B2E3-BC12E723BED9}.Release|Any CPU.Build.0 = Release|Any CPU
		{280DC639-5DDC-4036-877B-4925BDF51A47}.Debug|Any CPU.ActiveCfg = Debug|Any CPU
		{280DC639-5DDC-4036-877B-4925BDF51A47}.Debug|Any CPU.Build.0 = Debug|Any CPU
		{280DC639-5DDC-4036-877B-4925BDF51A47}.Release|Any CPU.ActiveCfg = Release|Any CPU
		{280DC639-5DDC-4036-877B-4925BDF51A47}.Release|Any CPU.Build.0 = Release|Any CPU
		{BE69461C-4318-4683-B48D-881660978C99}.Debug|Any CPU.ActiveCfg = Debug|Any CPU
		{BE69461C-4318-4683-B48D-881660978C99}.Debug|Any CPU.Build.0 = Debug|Any CPU
		{BE69461C-4318-4683-B48D-881660978C99}.Release|Any CPU.ActiveCfg = Release|Any CPU
		{BE69461C-4318-4683-B48D-881660978C99}.Release|Any CPU.Build.0 = Release|Any CPU
		{2CA7F5DF-F1EE-45A3-8440-57DFB518673A}.Debug|Any CPU.ActiveCfg = Debug|Any CPU
		{2CA7F5DF-F1EE-45A3-8440-57DFB518673A}.Debug|Any CPU.Build.0 = Debug|Any CPU
		{2CA7F5DF-F1EE-45A3-8440-57DFB518673A}.Release|Any CPU.ActiveCfg = Release|Any CPU
		{2CA7F5DF-F1EE-45A3-8440-57DFB518673A}.Release|Any CPU.Build.0 = Release|Any CPU
		{DBA9FE97-D49F-42ED-8C5D-DABAB358B9D8}.Debug|Any CPU.ActiveCfg = Debug|Any CPU
		{DBA9FE97-D49F-42ED-8C5D-DABAB358B9D8}.Debug|Any CPU.Build.0 = Debug|Any CPU
		{DBA9FE97-D49F-42ED-8C5D-DABAB358B9D8}.Release|Any CPU.ActiveCfg = Release|Any CPU
		{DBA9FE97-D49F-42ED-8C5D-DABAB358B9D8}.Release|Any CPU.Build.0 = Release|Any CPU
		{E25A5280-BC91-4F8C-9691-31EB328A5106}.Debug|Any CPU.ActiveCfg = Debug|Any CPU
		{E25A5280-BC91-4F8C-9691-31EB328A5106}.Debug|Any CPU.Build.0 = Debug|Any CPU
		{E25A5280-BC91-4F8C-9691-31EB328A5106}.Release|Any CPU.ActiveCfg = Release|Any CPU
		{E25A5280-BC91-4F8C-9691-31EB328A5106}.Release|Any CPU.Build.0 = Release|Any CPU
	EndGlobalSection
	GlobalSection(SolutionProperties) = preSolution
		HideSolutionNode = FALSE
	EndGlobalSection
	GlobalSection(NestedProjects) = preSolution
		{0B0F7D2D-E900-4AB6-8E26-63D1327BB815} = {FEF3BAC3-6414-4155-B426-FAD2E466A203}
		{E32C89E6-C4F1-4B21-A4EF-88BA75950188} = {FEF3BAC3-6414-4155-B426-FAD2E466A203}
		{64AA7D7E-9AAE-4EED-9270-66DFB023D70B} = {3D9A03F1-9678-416D-A6FB-43821AD5C6BC}
		{4C89C943-F86E-4331-9671-8CFE83BFEB81} = {3D9A03F1-9678-416D-A6FB-43821AD5C6BC}
		{740B9624-E493-43AF-AF4F-A8C022CC6F1E} = {3D9A03F1-9678-416D-A6FB-43821AD5C6BC}
		{895ED5C3-8313-47CD-B2E3-BC12E723BED9} = {3D9A03F1-9678-416D-A6FB-43821AD5C6BC}
		{FEF3BAC3-6414-4155-B426-FAD2E466A203} = {CCAC677B-E763-427A-86B7-11266D1A478F}
		{ABE83D9F-5A3D-472C-8E71-BC34477D98B9} = {CCAC677B-E763-427A-86B7-11266D1A478F}
		{280DC639-5DDC-4036-877B-4925BDF51A47} = {B6385288-B29D-48D4-BFCF-FDC432D52A36}
		{BE69461C-4318-4683-B48D-881660978C99} = {ABE83D9F-5A3D-472C-8E71-BC34477D98B9}
		{2CA7F5DF-F1EE-45A3-8440-57DFB518673A} = {B6385288-B29D-48D4-BFCF-FDC432D52A36}
		{DBA9FE97-D49F-42ED-8C5D-DABAB358B9D8} = {B6385288-B29D-48D4-BFCF-FDC432D52A36}
		{E25A5280-BC91-4F8C-9691-31EB328A5106} = {ABC2658B-C2F8-427D-889E-2667DBA2B450}
	EndGlobalSection
EndGlobal
